// !$*UTF8*$!
{
	archiveVersion = 1;
	classes = {
	};
	objectVersion = 46;
	objects = {

/* Begin PBXBuildFile section */
		D42E4CE81D1FC17A00E3292C /* bigImage@2x.png in Resources */ = {isa = PBXBuildFile; fileRef = D42E4CD91D1FC17A00E3292C /* bigImage@2x.png */; };
		D42E4CE91D1FC17A00E3292C /* bigImage@3x.png in Resources */ = {isa = PBXBuildFile; fileRef = D42E4CDA1D1FC17A00E3292C /* bigImage@3x.png */; };
		D42E4CEA1D1FC17A00E3292C /* flash1@2x.png in Resources */ = {isa = PBXBuildFile; fileRef = D42E4CDC1D1FC17A00E3292C /* flash1@2x.png */; };
		D42E4CEB1D1FC17A00E3292C /* flash1@3x.png in Resources */ = {isa = PBXBuildFile; fileRef = D42E4CDD1D1FC17A00E3292C /* flash1@3x.png */; };
		D42E4CEC1D1FC17A00E3292C /* flash2@2x.png in Resources */ = {isa = PBXBuildFile; fileRef = D42E4CDE1D1FC17A00E3292C /* flash2@2x.png */; };
		D42E4CED1D1FC17A00E3292C /* flash2@3x.png in Resources */ = {isa = PBXBuildFile; fileRef = D42E4CDF1D1FC17A00E3292C /* flash2@3x.png */; };
		D42E4CEE1D1FC17A00E3292C /* flash3@2x.png in Resources */ = {isa = PBXBuildFile; fileRef = D42E4CE01D1FC17A00E3292C /* flash3@2x.png */; };
		D42E4CEF1D1FC17A00E3292C /* flash3@3x.png in Resources */ = {isa = PBXBuildFile; fileRef = D42E4CE11D1FC17A00E3292C /* flash3@3x.png */; };
		D42E4CF01D1FC17A00E3292C /* flash4@2x.png in Resources */ = {isa = PBXBuildFile; fileRef = D42E4CE21D1FC17A00E3292C /* flash4@2x.png */; };
		D42E4CF11D1FC17A00E3292C /* flash4@3x.png in Resources */ = {isa = PBXBuildFile; fileRef = D42E4CE31D1FC17A00E3292C /* flash4@3x.png */; };
		D42E4CF21D1FC17A00E3292C /* flash5@2x.png in Resources */ = {isa = PBXBuildFile; fileRef = D42E4CE41D1FC17A00E3292C /* flash5@2x.png */; };
		D42E4CF31D1FC17A00E3292C /* flash5@3x.png in Resources */ = {isa = PBXBuildFile; fileRef = D42E4CE51D1FC17A00E3292C /* flash5@3x.png */; };
		D42E4CF41D1FC17A00E3292C /* flash6@2x.png in Resources */ = {isa = PBXBuildFile; fileRef = D42E4CE61D1FC17A00E3292C /* flash6@2x.png */; };
		D42E4CF51D1FC17A00E3292C /* flash6@3x.png in Resources */ = {isa = PBXBuildFile; fileRef = D42E4CE71D1FC17A00E3292C /* flash6@3x.png */; };
		D42E4CF71D1FC19100E3292C /* demo.png in Resources */ = {isa = PBXBuildFile; fileRef = D42E4CF61D1FC19100E3292C /* demo.png */; };
		D42E4CFF1D1FDC8F00E3292C /* star_dark@2x.png in Resources */ = {isa = PBXBuildFile; fileRef = D42E4CFB1D1FDC8F00E3292C /* star_dark@2x.png */; };
		D42E4D001D1FDC8F00E3292C /* star_dark@3x.png in Resources */ = {isa = PBXBuildFile; fileRef = D42E4CFC1D1FDC8F00E3292C /* star_dark@3x.png */; };
		D42E4D011D1FDC8F00E3292C /* star_light@2x.png in Resources */ = {isa = PBXBuildFile; fileRef = D42E4CFD1D1FDC8F00E3292C /* star_light@2x.png */; };
		D42E4D021D1FDC8F00E3292C /* star_light@3x.png in Resources */ = {isa = PBXBuildFile; fileRef = D42E4CFE1D1FDC8F00E3292C /* star_light@3x.png */; };
		D42E4D0B1D1FE38600E3292C /* AppDelegate.m in Sources */ = {isa = PBXBuildFile; fileRef = D42E4D081D1FE38600E3292C /* AppDelegate.m */; };
		D42E4D0C1D1FE38600E3292C /* ViewController.m in Sources */ = {isa = PBXBuildFile; fileRef = D42E4D0A1D1FE38600E3292C /* ViewController.m */; };
		D42E4D141D1FE41700E3292C /* FirstDemoController.m in Sources */ = {isa = PBXBuildFile; fileRef = D42E4D0F1D1FE41700E3292C /* FirstDemoController.m */; };
		D42E4D151D1FE41700E3292C /* SecondDemoController.m in Sources */ = {isa = PBXBuildFile; fileRef = D42E4D111D1FE41700E3292C /* SecondDemoController.m */; };
		D42E4D161D1FE41700E3292C /* ThirdDemoController.m in Sources */ = {isa = PBXBuildFile; fileRef = D42E4D131D1FE41700E3292C /* ThirdDemoController.m */; };
		D42E4D221D1FE47B00E3292C /* PracticalApplicationController.m in Sources */ = {isa = PBXBuildFile; fileRef = D42E4D191D1FE47B00E3292C /* PracticalApplicationController.m */; };
		D42E4D231D1FE47B00E3292C /* PracticeThreeController.m in Sources */ = {isa = PBXBuildFile; fileRef = D42E4D1B1D1FE47B00E3292C /* PracticeThreeController.m */; };
		D42E4D241D1FE47B00E3292C /* PracticePureLayoutController.m in Sources */ = {isa = PBXBuildFile; fileRef = D42E4D1F1D1FE47B00E3292C /* PracticePureLayoutController.m */; };
		D42E4D251D1FE47B00E3292C /* PracticeView.m in Sources */ = {isa = PBXBuildFile; fileRef = D42E4D211D1FE47B00E3292C /* PracticeView.m */; };
		D42E4D321D1FE57D00E3292C /* PureLayoutController.m in Sources */ = {isa = PBXBuildFile; fileRef = D42E4D2F1D1FE57D00E3292C /* PureLayoutController.m */; };
		D42E4D331D1FE57D00E3292C /* PureLayoutTableViewCell.m in Sources */ = {isa = PBXBuildFile; fileRef = D42E4D311D1FE57D00E3292C /* PureLayoutTableViewCell.m */; };
		D4EE7E951CD1FF2A00C81AD6 /* main.m in Sources */ = {isa = PBXBuildFile; fileRef = D4EE7E941CD1FF2A00C81AD6 /* main.m */; };
		D4EE7E9E1CD1FF2A00C81AD6 /* Main.storyboard in Resources */ = {isa = PBXBuildFile; fileRef = D4EE7E9C1CD1FF2A00C81AD6 /* Main.storyboard */; };
		D4EE7EA01CD1FF2A00C81AD6 /* Assets.xcassets in Resources */ = {isa = PBXBuildFile; fileRef = D4EE7E9F1CD1FF2A00C81AD6 /* Assets.xcassets */; };
		D4EE7EA31CD1FF2A00C81AD6 /* LaunchScreen.storyboard in Resources */ = {isa = PBXBuildFile; fileRef = D4EE7EA11CD1FF2A00C81AD6 /* LaunchScreen.storyboard */; };
		D4EE7EAE1CD1FF2A00C81AD6 /* purelayout__Tests.m in Sources */ = {isa = PBXBuildFile; fileRef = D4EE7EAD1CD1FF2A00C81AD6 /* purelayout__Tests.m */; };
		D4EE7EB91CD1FF2A00C81AD6 /* purelayout__UITests.m in Sources */ = {isa = PBXBuildFile; fileRef = D4EE7EB81CD1FF2A00C81AD6 /* purelayout__UITests.m */; };
		D4EE7ED01CD1FF3400C81AD6 /* ALView+PureLayout.m in Sources */ = {isa = PBXBuildFile; fileRef = D4EE7EC81CD1FF3400C81AD6 /* ALView+PureLayout.m */; };
		D4EE7ED11CD1FF3400C81AD6 /* NSArray+PureLayout.m in Sources */ = {isa = PBXBuildFile; fileRef = D4EE7ECA1CD1FF3400C81AD6 /* NSArray+PureLayout.m */; };
		D4EE7ED21CD1FF3400C81AD6 /* NSLayoutConstraint+PureLayout.m in Sources */ = {isa = PBXBuildFile; fileRef = D4EE7ECC1CD1FF3400C81AD6 /* NSLayoutConstraint+PureLayout.m */; };
/* End PBXBuildFile section */

/* Begin PBXContainerItemProxy section */
		D4EE7EAA1CD1FF2A00C81AD6 /* PBXContainerItemProxy */ = {
			isa = PBXContainerItemProxy;
			containerPortal = D4EE7E881CD1FF2A00C81AD6 /* Project object */;
			proxyType = 1;
			remoteGlobalIDString = D4EE7E8F1CD1FF2A00C81AD6;
			remoteInfo = "purelayout用法";
		};
		D4EE7EB51CD1FF2A00C81AD6 /* PBXContainerItemProxy */ = {
			isa = PBXContainerItemProxy;
			containerPortal = D4EE7E881CD1FF2A00C81AD6 /* Project object */;
			proxyType = 1;
			remoteGlobalIDString = D4EE7E8F1CD1FF2A00C81AD6;
			remoteInfo = "purelayout用法";
		};
/* End PBXContainerItemProxy section */

/* Begin PBXFileReference section */
		D42E4CC51D1FA83300E3292C /* PrefixHeader.pch */ = {isa = PBXFileReference; lastKnownFileType = sourcecode.c.h; path = PrefixHeader.pch; sourceTree = "<group>"; };
		D42E4CD91D1FC17A00E3292C /* bigImage@2x.png */ = {isa = PBXFileReference; lastKnownFileType = image.png; path = "bigImage@2x.png"; sourceTree = "<group>"; };
		D42E4CDA1D1FC17A00E3292C /* bigImage@3x.png */ = {isa = PBXFileReference; lastKnownFileType = image.png; path = "bigImage@3x.png"; sourceTree = "<group>"; };
		D42E4CDC1D1FC17A00E3292C /* flash1@2x.png */ = {isa = PBXFileReference; lastKnownFileType = image.png; path = "flash1@2x.png"; sourceTree = "<group>"; };
		D42E4CDD1D1FC17A00E3292C /* flash1@3x.png */ = {isa = PBXFileReference; lastKnownFileType = image.png; path = "flash1@3x.png"; sourceTree = "<group>"; };
		D42E4CDE1D1FC17A00E3292C /* flash2@2x.png */ = {isa = PBXFileReference; lastKnownFileType = image.png; path = "flash2@2x.png"; sourceTree = "<group>"; };
		D42E4CDF1D1FC17A00E3292C /* flash2@3x.png */ = {isa = PBXFileReference; lastKnownFileType = image.png; path = "flash2@3x.png"; sourceTree = "<group>"; };
		D42E4CE01D1FC17A00E3292C /* flash3@2x.png */ = {isa = PBXFileReference; lastKnownFileType = image.png; path = "flash3@2x.png"; sourceTree = "<group>"; };
		D42E4CE11D1FC17A00E3292C /* flash3@3x.png */ = {isa = PBXFileReference; lastKnownFileType = image.png; path = "flash3@3x.png"; sourceTree = "<group>"; };
		D42E4CE21D1FC17A00E3292C /* flash4@2x.png */ = {isa = PBXFileReference; lastKnownFileType = image.png; path = "flash4@2x.png"; sourceTree = "<group>"; };
		D42E4CE31D1FC17A00E3292C /* flash4@3x.png */ = {isa = PBXFileReference; lastKnownFileType = image.png; path = "flash4@3x.png"; sourceTree = "<group>"; };
		D42E4CE41D1FC17A00E3292C /* flash5@2x.png */ = {isa = PBXFileReference; lastKnownFileType = image.png; path = "flash5@2x.png"; sourceTree = "<group>"; };
		D42E4CE51D1FC17A00E3292C /* flash5@3x.png */ = {isa = PBXFileReference; lastKnownFileType = image.png; path = "flash5@3x.png"; sourceTree = "<group>"; };
		D42E4CE61D1FC17A00E3292C /* flash6@2x.png */ = {isa = PBXFileReference; lastKnownFileType = image.png; path = "flash6@2x.png"; sourceTree = "<group>"; };
		D42E4CE71D1FC17A00E3292C /* flash6@3x.png */ = {isa = PBXFileReference; lastKnownFileType = image.png; path = "flash6@3x.png"; sourceTree = "<group>"; };
		D42E4CF61D1FC19100E3292C /* demo.png */ = {isa = PBXFileReference; lastKnownFileType = image.png; path = demo.png; sourceTree = "<group>"; };
		D42E4CFB1D1FDC8F00E3292C /* star_dark@2x.png */ = {isa = PBXFileReference; lastKnownFileType = image.png; path = "star_dark@2x.png"; sourceTree = "<group>"; };
		D42E4CFC1D1FDC8F00E3292C /* star_dark@3x.png */ = {isa = PBXFileReference; lastKnownFileType = image.png; path = "star_dark@3x.png"; sourceTree = "<group>"; };
		D42E4CFD1D1FDC8F00E3292C /* star_light@2x.png */ = {isa = PBXFileReference; lastKnownFileType = image.png; path = "star_light@2x.png"; sourceTree = "<group>"; };
		D42E4CFE1D1FDC8F00E3292C /* star_light@3x.png */ = {isa = PBXFileReference; lastKnownFileType = image.png; path = "star_light@3x.png"; sourceTree = "<group>"; };
		D42E4D071D1FE38600E3292C /* AppDelegate.h */ = {isa = PBXFileReference; fileEncoding = 4; lastKnownFileType = sourcecode.c.h; path = AppDelegate.h; sourceTree = "<group>"; };
		D42E4D081D1FE38600E3292C /* AppDelegate.m */ = {isa = PBXFileReference; fileEncoding = 4; lastKnownFileType = sourcecode.c.objc; path = AppDelegate.m; sourceTree = "<group>"; };
		D42E4D091D1FE38600E3292C /* ViewController.h */ = {isa = PBXFileReference; fileEncoding = 4; lastKnownFileType = sourcecode.c.h; path = ViewController.h; sourceTree = "<group>"; };
		D42E4D0A1D1FE38600E3292C /* ViewController.m */ = {isa = PBXFileReference; fileEncoding = 4; lastKnownFileType = sourcecode.c.objc; path = ViewController.m; sourceTree = "<group>"; };
		D42E4D0E1D1FE41700E3292C /* FirstDemoController.h */ = {isa = PBXFileReference; fileEncoding = 4; lastKnownFileType = sourcecode.c.h; path = FirstDemoController.h; sourceTree = "<group>"; };
		D42E4D0F1D1FE41700E3292C /* FirstDemoController.m */ = {isa = PBXFileReference; fileEncoding = 4; lastKnownFileType = sourcecode.c.objc; path = FirstDemoController.m; sourceTree = "<group>"; };
		D42E4D101D1FE41700E3292C /* SecondDemoController.h */ = {isa = PBXFileReference; fileEncoding = 4; lastKnownFileType = sourcecode.c.h; path = SecondDemoController.h; sourceTree = "<group>"; };
		D42E4D111D1FE41700E3292C /* SecondDemoController.m */ = {isa = PBXFileReference; fileEncoding = 4; lastKnownFileType = sourcecode.c.objc; path = SecondDemoController.m; sourceTree = "<group>"; };
		D42E4D121D1FE41700E3292C /* ThirdDemoController.h */ = {isa = PBXFileReference; fileEncoding = 4; lastKnownFileType = sourcecode.c.h; path = ThirdDemoController.h; sourceTree = "<group>"; };
		D42E4D131D1FE41700E3292C /* ThirdDemoController.m */ = {isa = PBXFileReference; fileEncoding = 4; lastKnownFileType = sourcecode.c.objc; path = ThirdDemoController.m; sourceTree = "<group>"; };
		D42E4D181D1FE47B00E3292C /* PracticalApplicationController.h */ = {isa = PBXFileReference; fileEncoding = 4; lastKnownFileType = sourcecode.c.h; path = PracticalApplicationController.h; sourceTree = "<group>"; };
		D42E4D191D1FE47B00E3292C /* PracticalApplicationController.m */ = {isa = PBXFileReference; fileEncoding = 4; lastKnownFileType = sourcecode.c.objc; path = PracticalApplicationController.m; sourceTree = "<group>"; };
		D42E4D1A1D1FE47B00E3292C /* PracticeThreeController.h */ = {isa = PBXFileReference; fileEncoding = 4; lastKnownFileType = sourcecode.c.h; path = PracticeThreeController.h; sourceTree = "<group>"; };
		D42E4D1B1D1FE47B00E3292C /* PracticeThreeController.m */ = {isa = PBXFileReference; fileEncoding = 4; lastKnownFileType = sourcecode.c.objc; path = PracticeThreeController.m; sourceTree = "<group>"; };
		D42E4D1E1D1FE47B00E3292C /* PracticePureLayoutController.h */ = {isa = PBXFileReference; fileEncoding = 4; lastKnownFileType = sourcecode.c.h; path = PracticePureLayoutController.h; sourceTree = "<group>"; };
		D42E4D1F1D1FE47B00E3292C /* PracticePureLayoutController.m */ = {isa = PBXFileReference; fileEncoding = 4; lastKnownFileType = sourcecode.c.objc; path = PracticePureLayoutController.m; sourceTree = "<group>"; };
		D42E4D201D1FE47B00E3292C /* PracticeView.h */ = {isa = PBXFileReference; fileEncoding = 4; lastKnownFileType = sourcecode.c.h; path = PracticeView.h; sourceTree = "<group>"; };
		D42E4D211D1FE47B00E3292C /* PracticeView.m */ = {isa = PBXFileReference; fileEncoding = 4; lastKnownFileType = sourcecode.c.objc; path = PracticeView.m; sourceTree = "<group>"; };
		D42E4D2E1D1FE57D00E3292C /* PureLayoutController.h */ = {isa = PBXFileReference; fileEncoding = 4; lastKnownFileType = sourcecode.c.h; path = PureLayoutController.h; sourceTree = "<group>"; };
		D42E4D2F1D1FE57D00E3292C /* PureLayoutController.m */ = {isa = PBXFileReference; fileEncoding = 4; lastKnownFileType = sourcecode.c.objc; path = PureLayoutController.m; sourceTree = "<group>"; };
		D42E4D301D1FE57D00E3292C /* PureLayoutTableViewCell.h */ = {isa = PBXFileReference; fileEncoding = 4; lastKnownFileType = sourcecode.c.h; path = PureLayoutTableViewCell.h; sourceTree = "<group>"; };
		D42E4D311D1FE57D00E3292C /* PureLayoutTableViewCell.m */ = {isa = PBXFileReference; fileEncoding = 4; lastKnownFileType = sourcecode.c.objc; path = PureLayoutTableViewCell.m; sourceTree = "<group>"; };
		D4EE7E901CD1FF2A00C81AD6 /* purelayout用法.app */ = {isa = PBXFileReference; explicitFileType = wrapper.application; includeInIndex = 0; path = "purelayout用法.app"; sourceTree = BUILT_PRODUCTS_DIR; };
		D4EE7E941CD1FF2A00C81AD6 /* main.m */ = {isa = PBXFileReference; lastKnownFileType = sourcecode.c.objc; path = main.m; sourceTree = "<group>"; };
		D4EE7E9D1CD1FF2A00C81AD6 /* Base */ = {isa = PBXFileReference; lastKnownFileType = file.storyboard; name = Base; path = Base.lproj/Main.storyboard; sourceTree = "<group>"; };
		D4EE7E9F1CD1FF2A00C81AD6 /* Assets.xcassets */ = {isa = PBXFileReference; lastKnownFileType = folder.assetcatalog; path = Assets.xcassets; sourceTree = "<group>"; };
		D4EE7EA21CD1FF2A00C81AD6 /* Base */ = {isa = PBXFileReference; lastKnownFileType = file.storyboard; name = Base; path = Base.lproj/LaunchScreen.storyboard; sourceTree = "<group>"; };
		D4EE7EA41CD1FF2A00C81AD6 /* Info.plist */ = {isa = PBXFileReference; lastKnownFileType = text.plist.xml; path = Info.plist; sourceTree = "<group>"; };
		D4EE7EA91CD1FF2A00C81AD6 /* purelayout用法Tests.xctest */ = {isa = PBXFileReference; explicitFileType = wrapper.cfbundle; includeInIndex = 0; path = "purelayout用法Tests.xctest"; sourceTree = BUILT_PRODUCTS_DIR; };
		D4EE7EAD1CD1FF2A00C81AD6 /* purelayout__Tests.m */ = {isa = PBXFileReference; lastKnownFileType = sourcecode.c.objc; path = purelayout__Tests.m; sourceTree = "<group>"; };
		D4EE7EAF1CD1FF2A00C81AD6 /* Info.plist */ = {isa = PBXFileReference; lastKnownFileType = text.plist.xml; path = Info.plist; sourceTree = "<group>"; };
		D4EE7EB41CD1FF2A00C81AD6 /* purelayout用法UITests.xctest */ = {isa = PBXFileReference; explicitFileType = wrapper.cfbundle; includeInIndex = 0; path = "purelayout用法UITests.xctest"; sourceTree = BUILT_PRODUCTS_DIR; };
		D4EE7EB81CD1FF2A00C81AD6 /* purelayout__UITests.m */ = {isa = PBXFileReference; lastKnownFileType = sourcecode.c.objc; path = purelayout__UITests.m; sourceTree = "<group>"; };
		D4EE7EBA1CD1FF2A00C81AD6 /* Info.plist */ = {isa = PBXFileReference; lastKnownFileType = text.plist.xml; path = Info.plist; sourceTree = "<group>"; };
		D4EE7EC71CD1FF3400C81AD6 /* ALView+PureLayout.h */ = {isa = PBXFileReference; fileEncoding = 4; lastKnownFileType = sourcecode.c.h; path = "ALView+PureLayout.h"; sourceTree = "<group>"; };
		D4EE7EC81CD1FF3400C81AD6 /* ALView+PureLayout.m */ = {isa = PBXFileReference; fileEncoding = 4; lastKnownFileType = sourcecode.c.objc; path = "ALView+PureLayout.m"; sourceTree = "<group>"; };
		D4EE7EC91CD1FF3400C81AD6 /* NSArray+PureLayout.h */ = {isa = PBXFileReference; fileEncoding = 4; lastKnownFileType = sourcecode.c.h; path = "NSArray+PureLayout.h"; sourceTree = "<group>"; };
		D4EE7ECA1CD1FF3400C81AD6 /* NSArray+PureLayout.m */ = {isa = PBXFileReference; fileEncoding = 4; lastKnownFileType = sourcecode.c.objc; path = "NSArray+PureLayout.m"; sourceTree = "<group>"; };
		D4EE7ECB1CD1FF3400C81AD6 /* NSLayoutConstraint+PureLayout.h */ = {isa = PBXFileReference; fileEncoding = 4; lastKnownFileType = sourcecode.c.h; path = "NSLayoutConstraint+PureLayout.h"; sourceTree = "<group>"; };
		D4EE7ECC1CD1FF3400C81AD6 /* NSLayoutConstraint+PureLayout.m */ = {isa = PBXFileReference; fileEncoding = 4; lastKnownFileType = sourcecode.c.objc; path = "NSLayoutConstraint+PureLayout.m"; sourceTree = "<group>"; };
		D4EE7ECD1CD1FF3400C81AD6 /* PureLayout+Internal.h */ = {isa = PBXFileReference; fileEncoding = 4; lastKnownFileType = sourcecode.c.h; path = "PureLayout+Internal.h"; sourceTree = "<group>"; };
		D4EE7ECE1CD1FF3400C81AD6 /* PureLayout.h */ = {isa = PBXFileReference; fileEncoding = 4; lastKnownFileType = sourcecode.c.h; path = PureLayout.h; sourceTree = "<group>"; };
		D4EE7ECF1CD1FF3400C81AD6 /* PureLayoutDefines.h */ = {isa = PBXFileReference; fileEncoding = 4; lastKnownFileType = sourcecode.c.h; path = PureLayoutDefines.h; sourceTree = "<group>"; };
/* End PBXFileReference section */

/* Begin PBXFrameworksBuildPhase section */
		D4EE7E8D1CD1FF2A00C81AD6 /* Frameworks */ = {
			isa = PBXFrameworksBuildPhase;
			buildActionMask = 2147483647;
			files = (
			);
			runOnlyForDeploymentPostprocessing = 0;
		};
		D4EE7EA61CD1FF2A00C81AD6 /* Frameworks */ = {
			isa = PBXFrameworksBuildPhase;
			buildActionMask = 2147483647;
			files = (
			);
			runOnlyForDeploymentPostprocessing = 0;
		};
		D4EE7EB11CD1FF2A00C81AD6 /* Frameworks */ = {
			isa = PBXFrameworksBuildPhase;
			buildActionMask = 2147483647;
			files = (
			);
			runOnlyForDeploymentPostprocessing = 0;
		};
/* End PBXFrameworksBuildPhase section */

/* Begin PBXGroup section */
		D42E4CD81D1FC17A00E3292C /* Resource */ = {
			isa = PBXGroup;
			children = (
				D42E4CF61D1FC19100E3292C /* demo.png */,
				D42E4CD91D1FC17A00E3292C /* bigImage@2x.png */,
				D42E4CDA1D1FC17A00E3292C /* bigImage@3x.png */,
				D42E4CFB1D1FDC8F00E3292C /* star_dark@2x.png */,
				D42E4CFC1D1FDC8F00E3292C /* star_dark@3x.png */,
				D42E4CFD1D1FDC8F00E3292C /* star_light@2x.png */,
				D42E4CFE1D1FDC8F00E3292C /* star_light@3x.png */,
				D42E4CDB1D1FC17A00E3292C /* 动态圆 */,
			);
			name = Resource;
			path = "purelayout用法/Resource";
			sourceTree = "<group>";
		};
		D42E4CDB1D1FC17A00E3292C /* 动态圆 */ = {
			isa = PBXGroup;
			children = (
				D42E4CDC1D1FC17A00E3292C /* flash1@2x.png */,
				D42E4CDD1D1FC17A00E3292C /* flash1@3x.png */,
				D42E4CDE1D1FC17A00E3292C /* flash2@2x.png */,
				D42E4CDF1D1FC17A00E3292C /* flash2@3x.png */,
				D42E4CE01D1FC17A00E3292C /* flash3@2x.png */,
				D42E4CE11D1FC17A00E3292C /* flash3@3x.png */,
				D42E4CE21D1FC17A00E3292C /* flash4@2x.png */,
				D42E4CE31D1FC17A00E3292C /* flash4@3x.png */,
				D42E4CE41D1FC17A00E3292C /* flash5@2x.png */,
				D42E4CE51D1FC17A00E3292C /* flash5@3x.png */,
				D42E4CE61D1FC17A00E3292C /* flash6@2x.png */,
				D42E4CE71D1FC17A00E3292C /* flash6@3x.png */,
			);
			path = "动态圆";
			sourceTree = "<group>";
		};
		D42E4D061D1FE38600E3292C /* Other */ = {
			isa = PBXGroup;
			children = (
				D42E4D071D1FE38600E3292C /* AppDelegate.h */,
				D42E4D081D1FE38600E3292C /* AppDelegate.m */,
				D42E4D091D1FE38600E3292C /* ViewController.h */,
				D42E4D0A1D1FE38600E3292C /* ViewController.m */,
			);
			path = Other;
			sourceTree = "<group>";
		};
		D42E4D0D1D1FE41700E3292C /* Demo */ = {
			isa = PBXGroup;
			children = (
				D42E4D0E1D1FE41700E3292C /* FirstDemoController.h */,
				D42E4D0F1D1FE41700E3292C /* FirstDemoController.m */,
				D42E4D101D1FE41700E3292C /* SecondDemoController.h */,
				D42E4D111D1FE41700E3292C /* SecondDemoController.m */,
				D42E4D121D1FE41700E3292C /* ThirdDemoController.h */,
				D42E4D131D1FE41700E3292C /* ThirdDemoController.m */,
			);
			path = Demo;
			sourceTree = "<group>";
		};
		D42E4D171D1FE47B00E3292C /* Practice */ = {
			isa = PBXGroup;
			children = (
				D42E4D181D1FE47B00E3292C /* PracticalApplicationController.h */,
				D42E4D191D1FE47B00E3292C /* PracticalApplicationController.m */,
				D42E4D1D1D1FE47B00E3292C /* 实际应用2 */,
				D42E4D1A1D1FE47B00E3292C /* PracticeThreeController.h */,
				D42E4D1B1D1FE47B00E3292C /* PracticeThreeController.m */,
			);
			path = Practice;
			sourceTree = "<group>";
		};
		D42E4D1D1D1FE47B00E3292C /* 实际应用2 */ = {
			isa = PBXGroup;
			children = (
				D42E4D1E1D1FE47B00E3292C /* PracticePureLayoutController.h */,
				D42E4D1F1D1FE47B00E3292C /* PracticePureLayoutController.m */,
				D42E4D201D1FE47B00E3292C /* PracticeView.h */,
				D42E4D211D1FE47B00E3292C /* PracticeView.m */,
			);
			path = "实际应用2";
			sourceTree = "<group>";
		};
		D42E4D2D1D1FE57D00E3292C /* Main */ = {
			isa = PBXGroup;
			children = (
				D42E4D2E1D1FE57D00E3292C /* PureLayoutController.h */,
				D42E4D2F1D1FE57D00E3292C /* PureLayoutController.m */,
				D42E4D301D1FE57D00E3292C /* PureLayoutTableViewCell.h */,
				D42E4D311D1FE57D00E3292C /* PureLayoutTableViewCell.m */,
			);
			path = Main;
			sourceTree = "<group>";
		};
		D4EE7E871CD1FF2A00C81AD6 = {
			isa = PBXGroup;
			children = (
				D42E4CD81D1FC17A00E3292C /* Resource */,
				D4EE7EC61CD1FF3400C81AD6 /* PureLayout */,
				D4EE7E921CD1FF2A00C81AD6 /* purelayout用法 */,
				D4EE7EAC1CD1FF2A00C81AD6 /* purelayout用法Tests */,
				D4EE7EB71CD1FF2A00C81AD6 /* purelayout用法UITests */,
				D4EE7E911CD1FF2A00C81AD6 /* Products */,
			);
			sourceTree = "<group>";
		};
		D4EE7E911CD1FF2A00C81AD6 /* Products */ = {
			isa = PBXGroup;
			children = (
				D4EE7E901CD1FF2A00C81AD6 /* purelayout用法.app */,
				D4EE7EA91CD1FF2A00C81AD6 /* purelayout用法Tests.xctest */,
				D4EE7EB41CD1FF2A00C81AD6 /* purelayout用法UITests.xctest */,
			);
			name = Products;
			sourceTree = "<group>";
		};
		D4EE7E921CD1FF2A00C81AD6 /* purelayout用法 */ = {
			isa = PBXGroup;
			children = (
				D42E4D2D1D1FE57D00E3292C /* Main */,
				D42E4D0D1D1FE41700E3292C /* Demo */,
				D42E4D171D1FE47B00E3292C /* Practice */,
				D42E4D061D1FE38600E3292C /* Other */,
				D42E4CC51D1FA83300E3292C /* PrefixHeader.pch */,
				D4EE7E9C1CD1FF2A00C81AD6 /* Main.storyboard */,
				D4EE7E9F1CD1FF2A00C81AD6 /* Assets.xcassets */,
				D4EE7EA11CD1FF2A00C81AD6 /* LaunchScreen.storyboard */,
				D4EE7EA41CD1FF2A00C81AD6 /* Info.plist */,
				D4EE7E931CD1FF2A00C81AD6 /* Supporting Files */,
			);
			path = "purelayout用法";
			sourceTree = "<group>";
		};
		D4EE7E931CD1FF2A00C81AD6 /* Supporting Files */ = {
			isa = PBXGroup;
			children = (
				D4EE7E941CD1FF2A00C81AD6 /* main.m */,
			);
			name = "Supporting Files";
			sourceTree = "<group>";
		};
		D4EE7EAC1CD1FF2A00C81AD6 /* purelayout用法Tests */ = {
			isa = PBXGroup;
			children = (
				D4EE7EAD1CD1FF2A00C81AD6 /* purelayout__Tests.m */,
				D4EE7EAF1CD1FF2A00C81AD6 /* Info.plist */,
			);
			path = "purelayout用法Tests";
			sourceTree = "<group>";
		};
		D4EE7EB71CD1FF2A00C81AD6 /* purelayout用法UITests */ = {
			isa = PBXGroup;
			children = (
				D4EE7EB81CD1FF2A00C81AD6 /* purelayout__UITests.m */,
				D4EE7EBA1CD1FF2A00C81AD6 /* Info.plist */,
			);
			path = "purelayout用法UITests";
			sourceTree = "<group>";
		};
		D4EE7EC61CD1FF3400C81AD6 /* PureLayout */ = {
			isa = PBXGroup;
			children = (
				D4EE7EC71CD1FF3400C81AD6 /* ALView+PureLayout.h */,
				D4EE7EC81CD1FF3400C81AD6 /* ALView+PureLayout.m */,
				D4EE7EC91CD1FF3400C81AD6 /* NSArray+PureLayout.h */,
				D4EE7ECA1CD1FF3400C81AD6 /* NSArray+PureLayout.m */,
				D4EE7ECB1CD1FF3400C81AD6 /* NSLayoutConstraint+PureLayout.h */,
				D4EE7ECC1CD1FF3400C81AD6 /* NSLayoutConstraint+PureLayout.m */,
				D4EE7ECD1CD1FF3400C81AD6 /* PureLayout+Internal.h */,
				D4EE7ECE1CD1FF3400C81AD6 /* PureLayout.h */,
				D4EE7ECF1CD1FF3400C81AD6 /* PureLayoutDefines.h */,
			);
			name = PureLayout;
			path = "purelayout用法/PureLayout";
			sourceTree = "<group>";
		};
/* End PBXGroup section */

/* Begin PBXNativeTarget section */
		D4EE7E8F1CD1FF2A00C81AD6 /* purelayout用法 */ = {
			isa = PBXNativeTarget;
			buildConfigurationList = D4EE7EBD1CD1FF2A00C81AD6 /* Build configuration list for PBXNativeTarget "purelayout用法" */;
			buildPhases = (
				D4EE7E8C1CD1FF2A00C81AD6 /* Sources */,
				D4EE7E8D1CD1FF2A00C81AD6 /* Frameworks */,
				D4EE7E8E1CD1FF2A00C81AD6 /* Resources */,
			);
			buildRules = (
			);
			dependencies = (
			);
			name = "purelayout用法";
			productName = "purelayout用法";
			productReference = D4EE7E901CD1FF2A00C81AD6 /* purelayout用法.app */;
			productType = "com.apple.product-type.application";
		};
		D4EE7EA81CD1FF2A00C81AD6 /* purelayout用法Tests */ = {
			isa = PBXNativeTarget;
			buildConfigurationList = D4EE7EC01CD1FF2A00C81AD6 /* Build configuration list for PBXNativeTarget "purelayout用法Tests" */;
			buildPhases = (
				D4EE7EA51CD1FF2A00C81AD6 /* Sources */,
				D4EE7EA61CD1FF2A00C81AD6 /* Frameworks */,
				D4EE7EA71CD1FF2A00C81AD6 /* Resources */,
			);
			buildRules = (
			);
			dependencies = (
				D4EE7EAB1CD1FF2A00C81AD6 /* PBXTargetDependency */,
			);
			name = "purelayout用法Tests";
			productName = "purelayout用法Tests";
			productReference = D4EE7EA91CD1FF2A00C81AD6 /* purelayout用法Tests.xctest */;
			productType = "com.apple.product-type.bundle.unit-test";
		};
		D4EE7EB31CD1FF2A00C81AD6 /* purelayout用法UITests */ = {
			isa = PBXNativeTarget;
			buildConfigurationList = D4EE7EC31CD1FF2A00C81AD6 /* Build configuration list for PBXNativeTarget "purelayout用法UITests" */;
			buildPhases = (
				D4EE7EB01CD1FF2A00C81AD6 /* Sources */,
				D4EE7EB11CD1FF2A00C81AD6 /* Frameworks */,
				D4EE7EB21CD1FF2A00C81AD6 /* Resources */,
			);
			buildRules = (
			);
			dependencies = (
				D4EE7EB61CD1FF2A00C81AD6 /* PBXTargetDependency */,
			);
			name = "purelayout用法UITests";
			productName = "purelayout用法UITests";
			productReference = D4EE7EB41CD1FF2A00C81AD6 /* purelayout用法UITests.xctest */;
			productType = "com.apple.product-type.bundle.ui-testing";
		};
/* End PBXNativeTarget section */

/* Begin PBXProject section */
		D4EE7E881CD1FF2A00C81AD6 /* Project object */ = {
			isa = PBXProject;
			attributes = {
				LastUpgradeCheck = 0720;
				ORGANIZATIONNAME = " enniu";
				TargetAttributes = {
					D4EE7E8F1CD1FF2A00C81AD6 = {
						CreatedOnToolsVersion = 7.2.1;
						DevelopmentTeam = G6DN2JQ3AE;
					};
					D4EE7EA81CD1FF2A00C81AD6 = {
						CreatedOnToolsVersion = 7.2.1;
						DevelopmentTeam = G6DN2JQ3AE;
						TestTargetID = D4EE7E8F1CD1FF2A00C81AD6;
					};
					D4EE7EB31CD1FF2A00C81AD6 = {
						CreatedOnToolsVersion = 7.2.1;
						DevelopmentTeam = G6DN2JQ3AE;
						TestTargetID = D4EE7E8F1CD1FF2A00C81AD6;
					};
				};
			};
			buildConfigurationList = D4EE7E8B1CD1FF2A00C81AD6 /* Build configuration list for PBXProject "purelayout用法" */;
			compatibilityVersion = "Xcode 3.2";
			developmentRegion = English;
			hasScannedForEncodings = 0;
			knownRegions = (
				en,
				Base,
			);
			mainGroup = D4EE7E871CD1FF2A00C81AD6;
			productRefGroup = D4EE7E911CD1FF2A00C81AD6 /* Products */;
			projectDirPath = "";
			projectRoot = "";
			targets = (
				D4EE7E8F1CD1FF2A00C81AD6 /* purelayout用法 */,
				D4EE7EA81CD1FF2A00C81AD6 /* purelayout用法Tests */,
				D4EE7EB31CD1FF2A00C81AD6 /* purelayout用法UITests */,
			);
		};
/* End PBXProject section */

/* Begin PBXResourcesBuildPhase section */
		D4EE7E8E1CD1FF2A00C81AD6 /* Resources */ = {
			isa = PBXResourcesBuildPhase;
			buildActionMask = 2147483647;
			files = (
				D42E4CF11D1FC17A00E3292C /* flash4@3x.png in Resources */,
				D42E4CEF1D1FC17A00E3292C /* flash3@3x.png in Resources */,
				D42E4CF71D1FC19100E3292C /* demo.png in Resources */,
				D4EE7EA31CD1FF2A00C81AD6 /* LaunchScreen.storyboard in Resources */,
				D42E4CEB1D1FC17A00E3292C /* flash1@3x.png in Resources */,
				D42E4CFF1D1FDC8F00E3292C /* star_dark@2x.png in Resources */,
				D42E4CED1D1FC17A00E3292C /* flash2@3x.png in Resources */,
				D42E4CF01D1FC17A00E3292C /* flash4@2x.png in Resources */,
				D42E4CEC1D1FC17A00E3292C /* flash2@2x.png in Resources */,
				D42E4D011D1FDC8F00E3292C /* star_light@2x.png in Resources */,
				D42E4CE81D1FC17A00E3292C /* bigImage@2x.png in Resources */,
				D42E4CE91D1FC17A00E3292C /* bigImage@3x.png in Resources */,
				D42E4CF21D1FC17A00E3292C /* flash5@2x.png in Resources */,
				D42E4CEA1D1FC17A00E3292C /* flash1@2x.png in Resources */,
				D42E4D001D1FDC8F00E3292C /* star_dark@3x.png in Resources */,
				D4EE7EA01CD1FF2A00C81AD6 /* Assets.xcassets in Resources */,
				D42E4D021D1FDC8F00E3292C /* star_light@3x.png in Resources */,
				D4EE7E9E1CD1FF2A00C81AD6 /* Main.storyboard in Resources */,
				D42E4CF31D1FC17A00E3292C /* flash5@3x.png in Resources */,
				D42E4CF51D1FC17A00E3292C /* flash6@3x.png in Resources */,
				D42E4CF41D1FC17A00E3292C /* flash6@2x.png in Resources */,
				D42E4CEE1D1FC17A00E3292C /* flash3@2x.png in Resources */,
			);
			runOnlyForDeploymentPostprocessing = 0;
		};
		D4EE7EA71CD1FF2A00C81AD6 /* Resources */ = {
			isa = PBXResourcesBuildPhase;
			buildActionMask = 2147483647;
			files = (
			);
			runOnlyForDeploymentPostprocessing = 0;
		};
		D4EE7EB21CD1FF2A00C81AD6 /* Resources */ = {
			isa = PBXResourcesBuildPhase;
			buildActionMask = 2147483647;
			files = (
			);
			runOnlyForDeploymentPostprocessing = 0;
		};
/* End PBXResourcesBuildPhase section */

/* Begin PBXSourcesBuildPhase section */
		D4EE7E8C1CD1FF2A00C81AD6 /* Sources */ = {
			isa = PBXSourcesBuildPhase;
			buildActionMask = 2147483647;
			files = (
				D4EE7E951CD1FF2A00C81AD6 /* main.m in Sources */,
				D4EE7ED01CD1FF3400C81AD6 /* ALView+PureLayout.m in Sources */,
				D42E4D161D1FE41700E3292C /* ThirdDemoController.m in Sources */,
				D42E4D321D1FE57D00E3292C /* PureLayoutController.m in Sources */,
				D42E4D0B1D1FE38600E3292C /* AppDelegate.m in Sources */,
				D42E4D0C1D1FE38600E3292C /* ViewController.m in Sources */,
				D4EE7ED11CD1FF3400C81AD6 /* NSArray+PureLayout.m in Sources */,
				D42E4D331D1FE57D00E3292C /* PureLayoutTableViewCell.m in Sources */,
				D42E4D251D1FE47B00E3292C /* PracticeView.m in Sources */,
				D42E4D241D1FE47B00E3292C /* PracticePureLayoutController.m in Sources */,
				D42E4D221D1FE47B00E3292C /* PracticalApplicationController.m in Sources */,
				D42E4D151D1FE41700E3292C /* SecondDemoController.m in Sources */,
				D42E4D141D1FE41700E3292C /* FirstDemoController.m in Sources */,
				D4EE7ED21CD1FF3400C81AD6 /* NSLayoutConstraint+PureLayout.m in Sources */,
				D42E4D231D1FE47B00E3292C /* PracticeThreeController.m in Sources */,
			);
			runOnlyForDeploymentPostprocessing = 0;
		};
		D4EE7EA51CD1FF2A00C81AD6 /* Sources */ = {
			isa = PBXSourcesBuildPhase;
			buildActionMask = 2147483647;
			files = (
				D4EE7EAE1CD1FF2A00C81AD6 /* purelayout__Tests.m in Sources */,
			);
			runOnlyForDeploymentPostprocessing = 0;
		};
		D4EE7EB01CD1FF2A00C81AD6 /* Sources */ = {
			isa = PBXSourcesBuildPhase;
			buildActionMask = 2147483647;
			files = (
				D4EE7EB91CD1FF2A00C81AD6 /* purelayout__UITests.m in Sources */,
			);
			runOnlyForDeploymentPostprocessing = 0;
		};
/* End PBXSourcesBuildPhase section */

/* Begin PBXTargetDependency section */
		D4EE7EAB1CD1FF2A00C81AD6 /* PBXTargetDependency */ = {
			isa = PBXTargetDependency;
			target = D4EE7E8F1CD1FF2A00C81AD6 /* purelayout用法 */;
			targetProxy = D4EE7EAA1CD1FF2A00C81AD6 /* PBXContainerItemProxy */;
		};
		D4EE7EB61CD1FF2A00C81AD6 /* PBXTargetDependency */ = {
			isa = PBXTargetDependency;
			target = D4EE7E8F1CD1FF2A00C81AD6 /* purelayout用法 */;
			targetProxy = D4EE7EB51CD1FF2A00C81AD6 /* PBXContainerItemProxy */;
		};
/* End PBXTargetDependency section */

/* Begin PBXVariantGroup section */
		D4EE7E9C1CD1FF2A00C81AD6 /* Main.storyboard */ = {
			isa = PBXVariantGroup;
			children = (
				D4EE7E9D1CD1FF2A00C81AD6 /* Base */,
			);
			name = Main.storyboard;
			sourceTree = "<group>";
		};
		D4EE7EA11CD1FF2A00C81AD6 /* LaunchScreen.storyboard */ = {
			isa = PBXVariantGroup;
			children = (
				D4EE7EA21CD1FF2A00C81AD6 /* Base */,
			);
			name = LaunchScreen.storyboard;
			sourceTree = "<group>";
		};
/* End PBXVariantGroup section */

/* Begin XCBuildConfiguration section */
		D4EE7EBB1CD1FF2A00C81AD6 /* Debug */ = {
			isa = XCBuildConfiguration;
			buildSettings = {
				ALWAYS_SEARCH_USER_PATHS = NO;
				CLANG_CXX_LANGUAGE_STANDARD = "gnu++0x";
				CLANG_CXX_LIBRARY = "libc++";
				CLANG_ENABLE_MODULES = YES;
				CLANG_ENABLE_OBJC_ARC = YES;
				CLANG_WARN_BOOL_CONVERSION = YES;
				CLANG_WARN_CONSTANT_CONVERSION = YES;
				CLANG_WARN_DIRECT_OBJC_ISA_USAGE = YES_ERROR;
				CLANG_WARN_EMPTY_BODY = YES;
				CLANG_WARN_ENUM_CONVERSION = YES;
				CLANG_WARN_INT_CONVERSION = YES;
				CLANG_WARN_OBJC_ROOT_CLASS = YES_ERROR;
				CLANG_WARN_UNREACHABLE_CODE = YES;
				CLANG_WARN__DUPLICATE_METHOD_MATCH = YES;
				"CODE_SIGN_IDENTITY[sdk=iphoneos*]" = "iPhone Developer";
				COPY_PHASE_STRIP = NO;
				DEBUG_INFORMATION_FORMAT = dwarf;
				ENABLE_STRICT_OBJC_MSGSEND = YES;
				ENABLE_TESTABILITY = YES;
				GCC_C_LANGUAGE_STANDARD = gnu99;
				GCC_DYNAMIC_NO_PIC = NO;
				GCC_NO_COMMON_BLOCKS = YES;
				GCC_OPTIMIZATION_LEVEL = 0;
				GCC_PREPROCESSOR_DEFINITIONS = (
					"DEBUG=1",
					"$(inherited)",
				);
				GCC_WARN_64_TO_32_BIT_CONVERSION = YES;
				GCC_WARN_ABOUT_RETURN_TYPE = YES_ERROR;
				GCC_WARN_UNDECLARED_SELECTOR = YES;
				GCC_WARN_UNINITIALIZED_AUTOS = YES_AGGRESSIVE;
				GCC_WARN_UNUSED_FUNCTION = YES;
				GCC_WARN_UNUSED_VARIABLE = YES;
				IPHONEOS_DEPLOYMENT_TARGET = 9.2;
				MTL_ENABLE_DEBUG_INFO = YES;
				ONLY_ACTIVE_ARCH = YES;
				SDKROOT = iphoneos;
			};
			name = Debug;
		};
		D4EE7EBC1CD1FF2A00C81AD6 /* Release */ = {
			isa = XCBuildConfiguration;
			buildSettings = {
				ALWAYS_SEARCH_USER_PATHS = NO;
				CLANG_CXX_LANGUAGE_STANDARD = "gnu++0x";
				CLANG_CXX_LIBRARY = "libc++";
				CLANG_ENABLE_MODULES = YES;
				CLANG_ENABLE_OBJC_ARC = YES;
				CLANG_WARN_BOOL_CONVERSION = YES;
				CLANG_WARN_CONSTANT_CONVERSION = YES;
				CLANG_WARN_DIRECT_OBJC_ISA_USAGE = YES_ERROR;
				CLANG_WARN_EMPTY_BODY = YES;
				CLANG_WARN_ENUM_CONVERSION = YES;
				CLANG_WARN_INT_CONVERSION = YES;
				CLANG_WARN_OBJC_ROOT_CLASS = YES_ERROR;
				CLANG_WARN_UNREACHABLE_CODE = YES;
				CLANG_WARN__DUPLICATE_METHOD_MATCH = YES;
				"CODE_SIGN_IDENTITY[sdk=iphoneos*]" = "iPhone Developer";
				COPY_PHASE_STRIP = NO;
				DEBUG_INFORMATION_FORMAT = "dwarf-with-dsym";
				ENABLE_NS_ASSERTIONS = NO;
				ENABLE_STRICT_OBJC_MSGSEND = YES;
				GCC_C_LANGUAGE_STANDARD = gnu99;
				GCC_NO_COMMON_BLOCKS = YES;
				GCC_WARN_64_TO_32_BIT_CONVERSION = YES;
				GCC_WARN_ABOUT_RETURN_TYPE = YES_ERROR;
				GCC_WARN_UNDECLARED_SELECTOR = YES;
				GCC_WARN_UNINITIALIZED_AUTOS = YES_AGGRESSIVE;
				GCC_WARN_UNUSED_FUNCTION = YES;
				GCC_WARN_UNUSED_VARIABLE = YES;
				IPHONEOS_DEPLOYMENT_TARGET = 9.2;
				MTL_ENABLE_DEBUG_INFO = NO;
				SDKROOT = iphoneos;
				VALIDATE_PRODUCT = YES;
			};
			name = Release;
		};
		D4EE7EBE1CD1FF2A00C81AD6 /* Debug */ = {
			isa = XCBuildConfiguration;
			buildSettings = {
				ASSETCATALOG_COMPILER_APPICON_NAME = AppIcon;
				GCC_PREFIX_HEADER = "/Users/enniu/Desktop/purelayout用法/purelayout用法/PrefixHeader.pch";
				INFOPLIST_FILE = "purelayout用法/Info.plist";
				LD_RUNPATH_SEARCH_PATHS = "$(inherited) @executable_path/Frameworks";
				PRODUCT_BUNDLE_IDENTIFIER = "gdw.purelayout--";
				PRODUCT_NAME = "$(TARGET_NAME)";
			};
			name = Debug;
		};
		D4EE7EBF1CD1FF2A00C81AD6 /* Release */ = {
			isa = XCBuildConfiguration;
			buildSettings = {
				ASSETCATALOG_COMPILER_APPICON_NAME = AppIcon;
				GCC_PREFIX_HEADER = "/Users/enniu/Desktop/purelayout用法/purelayout用法/PrefixHeader.pch";
				INFOPLIST_FILE = "purelayout用法/Info.plist";
				LD_RUNPATH_SEARCH_PATHS = "$(inherited) @executable_path/Frameworks";
				PRODUCT_BUNDLE_IDENTIFIER = "gdw.purelayout--";
				PRODUCT_NAME = "$(TARGET_NAME)";
			};
			name = Release;
		};
		D4EE7EC11CD1FF2A00C81AD6 /* Debug */ = {
			isa = XCBuildConfiguration;
			buildSettings = {
				BUNDLE_LOADER = "$(TEST_HOST)";
				INFOPLIST_FILE = "purelayout用法Tests/Info.plist";
				LD_RUNPATH_SEARCH_PATHS = "$(inherited) @executable_path/Frameworks @loader_path/Frameworks";
				PRODUCT_BUNDLE_IDENTIFIER = "gdw.purelayout--Tests";
				PRODUCT_NAME = "$(TARGET_NAME)";
				TEST_HOST = "$(BUILT_PRODUCTS_DIR)/purelayout用法.app/purelayout用法";
			};
			name = Debug;
		};
		D4EE7EC21CD1FF2A00C81AD6 /* Release */ = {
			isa = XCBuildConfiguration;
			buildSettings = {
				BUNDLE_LOADER = "$(TEST_HOST)";
				INFOPLIST_FILE = "purelayout用法Tests/Info.plist";
				LD_RUNPATH_SEARCH_PATHS = "$(inherited) @executable_path/Frameworks @loader_path/Frameworks";
				PRODUCT_BUNDLE_IDENTIFIER = "gdw.purelayout--Tests";
				PRODUCT_NAME = "$(TARGET_NAME)";
				TEST_HOST = "$(BUILT_PRODUCTS_DIR)/purelayout用法.app/purelayout用法";
			};
			name = Release;
		};
		D4EE7EC41CD1FF2A00C81AD6 /* Debug */ = {
			isa = XCBuildConfiguration;
			buildSettings = {
				INFOPLIST_FILE = "purelayout用法UITests/Info.plist";
				LD_RUNPATH_SEARCH_PATHS = "$(inherited) @executable_path/Frameworks @loader_path/Frameworks";
				PRODUCT_BUNDLE_IDENTIFIER = "gdw.purelayout--UITests";
				PRODUCT_NAME = "$(TARGET_NAME)";
				TEST_TARGET_NAME = "purelayout用法";
				USES_XCTRUNNER = YES;
			};
			name = Debug;
		};
		D4EE7EC51CD1FF2A00C81AD6 /* Release */ = {
			isa = XCBuildConfiguration;
			buildSettings = {
				INFOPLIST_FILE = "purelayout用法UITests/Info.plist";
				LD_RUNPATH_SEARCH_PATHS = "$(inherited) @executable_path/Frameworks @loader_path/Frameworks";
				PRODUCT_BUNDLE_IDENTIFIER = "gdw.purelayout--UITests";
				PRODUCT_NAME = "$(TARGET_NAME)";
				TEST_TARGET_NAME = "purelayout用法";
				USES_XCTRUNNER = YES;
			};
			name = Release;
		};
/* End XCBuildConfiguration section */

/* Begin XCConfigurationList section */
		D4EE7E8B1CD1FF2A00C81AD6 /* Build configuration list for PBXProject "purelayout用法" */ = {
			isa = XCConfigurationList;
			buildConfigurations = (
				D4EE7EBB1CD1FF2A00C81AD6 /* Debug */,
				D4EE7EBC1CD1FF2A00C81AD6 /* Release */,
			);
			defaultConfigurationIsVisible = 0;
			defaultConfigurationName = Release;
		};
		D4EE7EBD1CD1FF2A00C81AD6 /* Build configuration list for PBXNativeTarget "purelayout用法" */ = {
			isa = XCConfigurationList;
			buildConfigurations = (
				D4EE7EBE1CD1FF2A00C81AD6 /* Debug */,
				D4EE7EBF1CD1FF2A00C81AD6 /* Release */,
			);
			defaultConfigurationIsVisible = 0;
			defaultConfigurationName = Release;
		};
		D4EE7EC01CD1FF2A00C81AD6 /* Build configuration list for PBXNativeTarget "purelayout用法Tests" */ = {
			isa = XCConfigurationList;
			buildConfigurations = (
				D4EE7EC11CD1FF2A00C81AD6 /* Debug */,
				D4EE7EC21CD1FF2A00C81AD6 /* Release */,
			);
			defaultConfigurationIsVisible = 0;
			defaultConfigurationName = Release;
		};
		D4EE7EC31CD1FF2A00C81AD6 /* Build configuration list for PBXNativeTarget "purelayout用法UITests" */ = {
			isa = XCConfigurationList;
			buildConfigurations = (
				D4EE7EC41CD1FF2A00C81AD6 /* Debug */,
				D4EE7EC51CD1FF2A00C81AD6 /* Release */,
			);
			defaultConfigurationIsVisible = 0;
			defaultConfigurationName = Release;
		};
/* End XCConfigurationList section */
	};
	rootObject = D4EE7E881CD1FF2A00C81AD6 /* Project object */;
}
